
Microsoft Visual Studio Solution File, Format Version 12.00
# Visual Studio Version 16
VisualStudioVersion = 16.0.29609.76
MinimumVisualStudioVersion = 10.0.40219.1
Project("{FAE04EC0-301F-11D3-BF4B-00C04F79EFBC}") = "Lab1_SingletonAndAbstractFactory", "Lab1_Singleton_AbstractFactory\Lab1_SingletonAndAbstractFactory.csproj", "{F551287F-9D37-4859-BC45-B231641DEBFE}"
EndProject
Project("{FAE04EC0-301F-11D3-BF4B-00C04F79EFBC}") = "Lab2_Builder", "Lab2_Builder\Lab2_Builder.csproj", "{C3FAA9B1-3C56-4511-8E93-781A4492F1F7}"
EndProject
Project("{FAE04EC0-301F-11D3-BF4B-00C04F79EFBC}") = "Lab4_Composite", "Lab4_Composite\Lab4_Composite.csproj", "{94A76AA9-4CE9-4D1F-829F-783F5712679D}"
EndProject
Project("{FAE04EC0-301F-11D3-BF4B-00C04F79EFBC}") = "Lab6_Proxy", "Lab6_Proxy\Lab6_Proxy.csproj", "{E04B6FDF-B227-4093-A008-1EA1101C3D37}"
EndProject
Project("{FAE04EC0-301F-11D3-BF4B-00C04F79EFBC}") = "Lab8_Interpreter", "Lab8_Interpreter\Lab8_Interpreter.csproj", "{B458D9E6-C935-4B12-B9BC-573C0F68C1B6}"
EndProject
Project("{FAE04EC0-301F-11D3-BF4B-00C04F79EFBC}") = "Lab9_Observer", "Lab9_Observer\Lab9_Observer.csproj", "{5975C4DF-6586-4879-86E2-D232A001A4A8}"
EndProject
Global
	GlobalSection(SolutionConfigurationPlatforms) = preSolution
		Debug|Any CPU = Debug|Any CPU
		Release|Any CPU = Release|Any CPU
	EndGlobalSection
	GlobalSection(ProjectConfigurationPlatforms) = postSolution
		{F551287F-9D37-4859-BC45-B231641DEBFE}.Debug|Any CPU.ActiveCfg = Debug|Any CPU
		{F551287F-9D37-4859-BC45-B231641DEBFE}.Debug|Any CPU.Build.0 = Debug|Any CPU
		{F551287F-9D37-4859-BC45-B231641DEBFE}.Release|Any CPU.ActiveCfg = Release|Any CPU
		{F551287F-9D37-4859-BC45-B231641DEBFE}.Release|Any CPU.Build.0 = Release|Any CPU
		{C3FAA9B1-3C56-4511-8E93-781A4492F1F7}.Debug|Any CPU.ActiveCfg = Debug|Any CPU
		{C3FAA9B1-3C56-4511-8E93-781A4492F1F7}.Debug|Any CPU.Build.0 = Debug|Any CPU
		{C3FAA9B1-3C56-4511-8E93-781A4492F1F7}.Release|Any CPU.ActiveCfg = Release|Any CPU
		{C3FAA9B1-3C56-4511-8E93-781A4492F1F7}.Release|Any CPU.Build.0 = Release|Any CPU
		{94A76AA9-4CE9-4D1F-829F-783F5712679D}.Debug|Any CPU.ActiveCfg = Debug|Any CPU
		{94A76AA9-4CE9-4D1F-829F-783F5712679D}.Debug|Any CPU.Build.0 = Debug|Any CPU
		{94A76AA9-4CE9-4D1F-829F-783F5712679D}.Release|Any CPU.ActiveCfg = Release|Any CPU
		{94A76AA9-4CE9-4D1F-829F-783F5712679D}.Release|Any CPU.Build.0 = Release|Any CPU
		{E04B6FDF-B227-4093-A008-1EA1101C3D37}.Debug|Any CPU.ActiveCfg = Debug|Any CPU
		{E04B6FDF-B227-4093-A008-1EA1101C3D37}.Debug|Any CPU.Build.0 = Debug|Any CPU
		{E04B6FDF-B227-4093-A008-1EA1101C3D37}.Release|Any CPU.ActiveCfg = Release|Any CPU
		{E04B6FDF-B227-4093-A008-1EA1101C3D37}.Release|Any CPU.Build.0 = Release|Any CPU
		{B458D9E6-C935-4B12-B9BC-573C0F68C1B6}.Debug|Any CPU.ActiveCfg = Debug|Any CPU
		{B458D9E6-C935-4B12-B9BC-573C0F68C1B6}.Debug|Any CPU.Build.0 = Debug|Any CPU
		{B458D9E6-C935-4B12-B9BC-573C0F68C1B6}.Release|Any CPU.ActiveCfg = Release|Any CPU
		{B458D9E6-C935-4B12-B9BC-573C0F68C1B6}.Release|Any CPU.Build.0 = Release|Any CPU
		{5975C4DF-6586-4879-86E2-D232A001A4A8}.Debug|Any CPU.ActiveCfg = Debug|Any CPU
		{5975C4DF-6586-4879-86E2-D232A001A4A8}.Debug|Any CPU.Build.0 = Debug|Any CPU
		{5975C4DF-6586-4879-86E2-D232A001A4A8}.Release|Any CPU.ActiveCfg = Release|Any CPU
		{5975C4DF-6586-4879-86E2-D232A001A4A8}.Release|Any CPU.Build.0 = Release|Any CPU
	EndGlobalSection
	GlobalSection(SolutionProperties) = preSolution
		HideSolutionNode = FALSE
	EndGlobalSection
	GlobalSection(ExtensibilityGlobals) = postSolution
		SolutionGuid = {6F8B5225-2148-4523-AC75-091A0BBBB227}
	EndGlobalSection
EndGlobal
